
Microsoft Visual Studio Solution File, Format Version 12.00
# Visual Studio Version 17
VisualStudioVersion = 17.3.32922.545
MinimumVisualStudioVersion = 10.0.40219.1
Project("{9A19103F-16F7-4668-BE54-9A1E7A4F7556}") = "SC4 Launcher", "SC4 Launcher\SC4 Launcher.csproj", "{B0E45D75-D67C-41AD-9ED9-99E70B43F114}"
EndProject
Project("{54435603-DBB4-11D2-8724-00A0C9A8B90C}") = "Setup", "Setup\Setup.vdproj", "{9FDB7913-F75B-4A53-92D4-7414DB0D1E93}"
EndProject
Global
	GlobalSection(SolutionConfigurationPlatforms) = preSolution
		Debug|Any CPU = Debug|Any CPU
		Release|Any CPU = Release|Any CPU
	EndGlobalSection
	GlobalSection(ProjectConfigurationPlatforms) = postSolution
		{B0E45D75-D67C-41AD-9ED9-99E70B43F114}.Debug|Any CPU.ActiveCfg = Debug|Any CPU
		{B0E45D75-D67C-41AD-9ED9-99E70B43F114}.Debug|Any CPU.Build.0 = Debug|Any CPU
		{B0E45D75-D67C-41AD-9ED9-99E70B43F114}.Release|Any CPU.ActiveCfg = Release|Any CPU
		{B0E45D75-D67C-41AD-9ED9-99E70B43F114}.Release|Any CPU.Build.0 = Release|Any CPU
		{9FDB7913-F75B-4A53-92D4-7414DB0D1E93}.Debug|Any CPU.ActiveCfg = Debug
		{9FDB7913-F75B-4A53-92D4-7414DB0D1E93}.Release|Any CPU.ActiveCfg = Release
		{9FDB7913-F75B-4A53-92D4-7414DB0D1E93}.Release|Any CPU.Build.0 = Release
	EndGlobalSection
	GlobalSection(SolutionProperties) = preSolution
		HideSolutionNode = FALSE
	EndGlobalSection
	GlobalSection(ExtensibilityGlobals) = postSolution
		SolutionGuid = {B06A0DB2-774A-4A5A-B9BE-F968AE086681}
	EndGlobalSection
EndGlobal
